
Microsoft Visual Studio Solution File, Format Version 12.00
# Visual Studio Version 17
VisualStudioVersion = 17.11.35222.181
MinimumVisualStudioVersion = 10.0.40219.1
Project("{FAE04EC0-301F-11D3-BF4B-00C04F79EFBC}") = "Attendence_System", "Attendence_System.csproj", "{D8730CF1-4058-47DF-BB4B-213A3DFF4DDD}"
EndProject
Project("{FAE04EC0-301F-11D3-BF4B-00C04F79EFBC}") = "BLL", "..\BLL\BLL.csproj", "{4F723839-6A73-4304-A554-35F1953773E2}"
EndProject
Project("{FAE04EC0-301F-11D3-BF4B-00C04F79EFBC}") = "DAL", "..\DAL\DAL.csproj", "{70F5B301-90A4-4B15-B88F-0AB15E536A18}"
EndProject
Global
	GlobalSection(SolutionConfigurationPlatforms) = preSolution
		Debug|Any CPU = Debug|Any CPU
		Release|Any CPU = Release|Any CPU
	EndGlobalSection
	GlobalSection(ProjectConfigurationPlatforms) = postSolution
		{D8730CF1-4058-47DF-BB4B-213A3DFF4DDD}.Debug|Any CPU.ActiveCfg = Debug|Any CPU
		{D8730CF1-4058-47DF-BB4B-213A3DFF4DDD}.Debug|Any CPU.Build.0 = Debug|Any CPU
		{D8730CF1-4058-47DF-BB4B-213A3DFF4DDD}.Release|Any CPU.ActiveCfg = Release|Any CPU
		{D8730CF1-4058-47DF-BB4B-213A3DFF4DDD}.Release|Any CPU.Build.0 = Release|Any CPU
		{4F723839-6A73-4304-A554-35F1953773E2}.Debug|Any CPU.ActiveCfg = Debug|Any CPU
		{4F723839-6A73-4304-A554-35F1953773E2}.Debug|Any CPU.Build.0 = Debug|Any CPU
		{4F723839-6A73-4304-A554-35F1953773E2}.Release|Any CPU.ActiveCfg = Release|Any CPU
		{4F723839-6A73-4304-A554-35F1953773E2}.Release|Any CPU.Build.0 = Release|Any CPU
		{70F5B301-90A4-4B15-B88F-0AB15E536A18}.Debug|Any CPU.ActiveCfg = Debug|Any CPU
		{70F5B301-90A4-4B15-B88F-0AB15E536A18}.Debug|Any CPU.Build.0 = Debug|Any CPU
		{70F5B301-90A4-4B15-B88F-0AB15E536A18}.Release|Any CPU.ActiveCfg = Release|Any CPU
		{70F5B301-90A4-4B15-B88F-0AB15E536A18}.Release|Any CPU.Build.0 = Release|Any CPU
	EndGlobalSection
	GlobalSection(SolutionProperties) = preSolution
		HideSolutionNode = FALSE
	EndGlobalSection
	GlobalSection(ExtensibilityGlobals) = postSolution
		SolutionGuid = {70F405B4-733D-4EF7-9D04-A2215707F576}
	EndGlobalSection
EndGlobal
